
Microsoft Visual Studio Solution File, Format Version 12.00
# Visual Studio Version 16
VisualStudioVersion = 16.0.32602.291
MinimumVisualStudioVersion = 10.0.40219.1
Project("{9A19103F-16F7-4668-BE54-9A1E7A4F7556}") = "DatabaseHtml", "DatabaseHtml\DatabaseHtml.csproj", "{B3BE8DF5-01F1-44D1-BDA6-51B7CAC73041}"
EndProject
Project("{FAE04EC0-301F-11D3-BF4B-00C04F79EFBC}") = "DataAccessLibrary", "DataAccessLibrary\DataAccessLibrary.csproj", "{543AE497-2923-46F5-B487-5BFDC2DD1707}"
EndProject
Global
	GlobalSection(SolutionConfigurationPlatforms) = preSolution
		Debug|Any CPU = Debug|Any CPU
		Release|Any CPU = Release|Any CPU
	EndGlobalSection
	GlobalSection(ProjectConfigurationPlatforms) = postSolution
		{B3BE8DF5-01F1-44D1-BDA6-51B7CAC73041}.Debug|Any CPU.ActiveCfg = Debug|Any CPU
		{B3BE8DF5-01F1-44D1-BDA6-51B7CAC73041}.Debug|Any CPU.Build.0 = Debug|Any CPU
		{B3BE8DF5-01F1-44D1-BDA6-51B7CAC73041}.Release|Any CPU.ActiveCfg = Release|Any CPU
		{B3BE8DF5-01F1-44D1-BDA6-51B7CAC73041}.Release|Any CPU.Build.0 = Release|Any CPU
		{543AE497-2923-46F5-B487-5BFDC2DD1707}.Debug|Any CPU.ActiveCfg = Debug|Any CPU
		{543AE497-2923-46F5-B487-5BFDC2DD1707}.Debug|Any CPU.Build.0 = Debug|Any CPU
		{543AE497-2923-46F5-B487-5BFDC2DD1707}.Release|Any CPU.ActiveCfg = Release|Any CPU
		{543AE497-2923-46F5-B487-5BFDC2DD1707}.Release|Any CPU.Build.0 = Release|Any CPU
	EndGlobalSection
	GlobalSection(SolutionProperties) = preSolution
		HideSolutionNode = FALSE
	EndGlobalSection
	GlobalSection(ExtensibilityGlobals) = postSolution
		SolutionGuid = {6CF74061-E472-4CC6-8220-FD767765A18D}
	EndGlobalSection
EndGlobal
